hash: b986f5ced06e002e0d203e31d7f3c5cd8abf291026b7762a4e12ac185701736c
updated: 2017-06-11T16:13:43.718172064+09:00
imports:
- name: github.com/gorilla/context
  version: 08b5f424b9271eedf6f9f0ce86cb9396ed337a42
- name: github.com/gorilla/mux
  version: 18fca31550181693b3a834a15b74b564b3605876
testImports: []
